
Microsoft Visual Studio Solution File, Format Version 12.00
# Visual Studio Version 16
VisualStudioVersion = 16.0.29306.81
MinimumVisualStudioVersion = 10.0.40219.1
Project("{FAE04EC0-301F-11D3-BF4B-00C04F79EFBC}") = "RankingPatataios", "RankingPatataios\RankingPatataios.csproj", "{136D0187-CC94-488C-BE43-EC1926A4CAB4}"
EndProject
Global
	GlobalSection(SolutionConfigurationPlatforms) = preSolution
		Debug|Any CPU = Debug|Any CPU
		Release|Any CPU = Release|Any CPU
	EndGlobalSection
	GlobalSection(ProjectConfigurationPlatforms) = postSolution
		{136D0187-CC94-488C-BE43-EC1926A4CAB4}.Debug|Any CPU.ActiveCfg = Debug|Any CPU
		{136D0187-CC94-488C-BE43-EC1926A4CAB4}.Debug|Any CPU.Build.0 = Debug|Any CPU
		{136D0187-CC94-488C-BE43-EC1926A4CAB4}.Release|Any CPU.ActiveCfg = Release|Any CPU
		{136D0187-CC94-488C-BE43-EC1926A4CAB4}.Release|Any CPU.Build.0 = Release|Any CPU
	EndGlobalSection
	GlobalSection(SolutionProperties) = preSolution
		HideSolutionNode = FALSE
	EndGlobalSection
	GlobalSection(ExtensibilityGlobals) = postSolution
		SolutionGuid = {20099AEA-7FA9-421B-A0EB-48D99F31C5BD}
	EndGlobalSection
EndGlobal
